
Microsoft Visual Studio Solution File, Format Version 12.00
# Visual Studio Version 17
VisualStudioVersion = 17.4.33205.214
MinimumVisualStudioVersion = 10.0.40219.1
Project("{2150E333-8FDC-42A3-9474-1A3956D46DE8}") = "Solution Items", "Solution Items", "{B21DA6C2-A28C-4F2F-82A8-B5448683B266}"
	ProjectSection(SolutionItems) = preProject
		KriniteWebShop.postman_collection.json = KriniteWebShop.postman_collection.json
		ArchitectureDiagram\project.drawio = ArchitectureDiagram\project.drawio
		README.md = README.md
		runDevelop.ps1 = runDevelop.ps1
		script.ps1 = script.ps1
	EndProjectSection
EndProject
Project("{9A19103F-16F7-4668-BE54-9A1E7A4F7556}") = "Old_KriniteWebShop.Catalog.API", "Services\Catalog\KriniteWebShop.Catalog.API\Old_KriniteWebShop.Catalog.API.csproj", "{B3296A28-003A-4267-A5A5-511EED37A1D8}"
EndProject
Project("{9A19103F-16F7-4668-BE54-9A1E7A4F7556}") = "KriniteWebShop.Catalog.NoSQL.API", "Services\Catalog\KriniteWebShop.Catalog.NoSQL.API\KriniteWebShop.Catalog.NoSQL.API.csproj", "{6D95D446-59F0-4C90-876C-54A9F3AB1308}"
EndProject
Project("{9A19103F-16F7-4668-BE54-9A1E7A4F7556}") = "KriniteWebShop.Cart.API", "Services\Cart\KriniteWebShop.Cart.API\KriniteWebShop.Cart.API.csproj", "{0023AC98-EAF0-4B18-BC8C-59C7CB28CDF2}"
EndProject
Project("{9A19103F-16F7-4668-BE54-9A1E7A4F7556}") = "KriniteWebShop.Coupon.API", "Services\Coupon\KriniteWebShop.Coupon.API\KriniteWebShop.Coupon.API.csproj", "{F3510564-CF8B-49A5-8118-75E07E470D4D}"
EndProject
Project("{9A19103F-16F7-4668-BE54-9A1E7A4F7556}") = "KriniteWebShop.Coupon.gRPC", "Services\Coupon\KriniteWebShop.Coupon.gRPC\KriniteWebShop.Coupon.gRPC.csproj", "{9E55738F-D6CB-4C02-94C0-CA571901C620}"
EndProject
Project("{E53339B2-1760-4266-BCC7-CA923CBCF16C}") = "KriniteWebShop.Docker", "KriniteWebShop.Docker\KriniteWebShop.Docker.dcproj", "{CA7414FB-33C4-4A1C-9655-219F09710B81}"
EndProject
Project("{9A19103F-16F7-4668-BE54-9A1E7A4F7556}") = "KriniteWebShop.Order.API", "Services\Order\KriniteWebShop.Order.API\KriniteWebShop.Order.API.csproj", "{FFF43652-D982-4341-94FE-D41A3643D5B9}"
EndProject
Project("{9A19103F-16F7-4668-BE54-9A1E7A4F7556}") = "KriniteWebShop.Order.Domain", "Services\Order\KriniteWebShop.Order.Domain\KriniteWebShop.Order.Domain.csproj", "{47320EB8-17E8-4CC8-A8CC-B1C25E30A60E}"
EndProject
Project("{9A19103F-16F7-4668-BE54-9A1E7A4F7556}") = "KriniteWebShop.Order.Application", "Services\Order\KriniteWebShop.Order.Application\KriniteWebShop.Order.Application.csproj", "{1DAB4092-F610-49FC-A258-C5B21BADFC93}"
EndProject
Project("{9A19103F-16F7-4668-BE54-9A1E7A4F7556}") = "KriniteWebShop.Order.Infrastructure", "Services\Order\KriniteWebShop.Order.Infrastructure\KriniteWebShop.Order.Infrastructure.csproj", "{8BFFB40B-61EB-49D2-9DFA-FE070753F7FB}"
EndProject
Project("{9A19103F-16F7-4668-BE54-9A1E7A4F7556}") = "KriniteWebShop.EventBus", "Shared\KriniteWebShop.EventBus\KriniteWebShop.EventBus.csproj", "{54F8B6E8-2E6C-4CF1-B3E5-D0958AE7D23C}"
EndProject
Project("{9A19103F-16F7-4668-BE54-9A1E7A4F7556}") = "KriniteWebShop.GatewayAPI", "KriniteWebShop.GatewayAPI\KriniteWebShop.GatewayAPI.csproj", "{5A03ECA4-FFFE-4532-8675-F08F1646E8CF}"
EndProject
Project("{9A19103F-16F7-4668-BE54-9A1E7A4F7556}") = "KriniteWebShop.PurchaseAggregator", "KriniteWebShop.PurchaseAggregator\KriniteWebShop.PurchaseAggregator.csproj", "{396DF146-986D-4CB7-AC2E-00AE77EDA1EE}"
EndProject
Project("{9A19103F-16F7-4668-BE54-9A1E7A4F7556}") = "Old_KriniteWebShop.WebUI.RazorPages", "WebUI\KriniteWebShop.WebUI.RazorPages\Old_KriniteWebShop.WebUI.RazorPages.csproj", "{36249CC9-61EC-4524-A153-0E791D3E4BC6}"
EndProject
Project("{9A19103F-16F7-4668-BE54-9A1E7A4F7556}") = "KriniteWebShop.WebUI.Blazor", "WebUI\KriniteWebShop.WebUI.Blazor\KriniteWebShop.WebUI.Blazor.csproj", "{D3304A31-D48A-49B7-A9B8-26FC5187A9E0}"
EndProject
Project("{2150E333-8FDC-42A3-9474-1A3956D46DE8}") = "Catalog", "Catalog", "{782BDAED-A4B1-4E9D-855E-461239BE73CE}"
EndProject
Project("{2150E333-8FDC-42A3-9474-1A3956D46DE8}") = "Cart", "Cart", "{B3924599-B1BA-459B-ABBD-934B6BEB5FA5}"
EndProject
Project("{2150E333-8FDC-42A3-9474-1A3956D46DE8}") = "Order", "Order", "{44D43EA9-5510-4699-8458-CA891A631A55}"
EndProject
Project("{2150E333-8FDC-42A3-9474-1A3956D46DE8}") = "Coupon", "Coupon", "{96DDD701-FC89-49BE-8210-26EC4D091D14}"
EndProject
Project("{2150E333-8FDC-42A3-9474-1A3956D46DE8}") = "WebUI", "WebUI", "{55859BA0-A575-44C6-8AAC-6EC1A3406D4F}"
EndProject
Project("{2150E333-8FDC-42A3-9474-1A3956D46DE8}") = "Services", "Services", "{DF4215E3-086F-46F4-8EAD-817A3219825F}"
EndProject
Project("{2150E333-8FDC-42A3-9474-1A3956D46DE8}") = "Shared", "Shared", "{10F41BA7-928A-42A1-81CE-C9E6FB2D25A5}"
EndProject
Global
	GlobalSection(SolutionConfigurationPlatforms) = preSolution
		Debug|Any CPU = Debug|Any CPU
		Release|Any CPU = Release|Any CPU
	EndGlobalSection
	GlobalSection(ProjectConfigurationPlatforms) = postSolution
		{B3296A28-003A-4267-A5A5-511EED37A1D8}.Debug|Any CPU.ActiveCfg = Debug|Any CPU
		{B3296A28-003A-4267-A5A5-511EED37A1D8}.Debug|Any CPU.Build.0 = Debug|Any CPU
		{B3296A28-003A-4267-A5A5-511EED37A1D8}.Release|Any CPU.ActiveCfg = Release|Any CPU
		{B3296A28-003A-4267-A5A5-511EED37A1D8}.Release|Any CPU.Build.0 = Release|Any CPU
		{6D95D446-59F0-4C90-876C-54A9F3AB1308}.Debug|Any CPU.ActiveCfg = Debug|Any CPU
		{6D95D446-59F0-4C90-876C-54A9F3AB1308}.Debug|Any CPU.Build.0 = Debug|Any CPU
		{6D95D446-59F0-4C90-876C-54A9F3AB1308}.Release|Any CPU.ActiveCfg = Release|Any CPU
		{6D95D446-59F0-4C90-876C-54A9F3AB1308}.Release|Any CPU.Build.0 = Release|Any CPU
		{0023AC98-EAF0-4B18-BC8C-59C7CB28CDF2}.Debug|Any CPU.ActiveCfg = Debug|Any CPU
		{0023AC98-EAF0-4B18-BC8C-59C7CB28CDF2}.Debug|Any CPU.Build.0 = Debug|Any CPU
		{0023AC98-EAF0-4B18-BC8C-59C7CB28CDF2}.Release|Any CPU.ActiveCfg = Release|Any CPU
		{0023AC98-EAF0-4B18-BC8C-59C7CB28CDF2}.Release|Any CPU.Build.0 = Release|Any CPU
		{F3510564-CF8B-49A5-8118-75E07E470D4D}.Debug|Any CPU.ActiveCfg = Debug|Any CPU
		{F3510564-CF8B-49A5-8118-75E07E470D4D}.Debug|Any CPU.Build.0 = Debug|Any CPU
		{F3510564-CF8B-49A5-8118-75E07E470D4D}.Release|Any CPU.ActiveCfg = Release|Any CPU
		{F3510564-CF8B-49A5-8118-75E07E470D4D}.Release|Any CPU.Build.0 = Release|Any CPU
		{9E55738F-D6CB-4C02-94C0-CA571901C620}.Debug|Any CPU.ActiveCfg = Debug|Any CPU
		{9E55738F-D6CB-4C02-94C0-CA571901C620}.Debug|Any CPU.Build.0 = Debug|Any CPU
		{9E55738F-D6CB-4C02-94C0-CA571901C620}.Release|Any CPU.ActiveCfg = Release|Any CPU
		{9E55738F-D6CB-4C02-94C0-CA571901C620}.Release|Any CPU.Build.0 = Release|Any CPU
		{CA7414FB-33C4-4A1C-9655-219F09710B81}.Debug|Any CPU.ActiveCfg = Debug|Any CPU
		{CA7414FB-33C4-4A1C-9655-219F09710B81}.Debug|Any CPU.Build.0 = Debug|Any CPU
		{CA7414FB-33C4-4A1C-9655-219F09710B81}.Release|Any CPU.ActiveCfg = Release|Any CPU
		{CA7414FB-33C4-4A1C-9655-219F09710B81}.Release|Any CPU.Build.0 = Release|Any CPU
		{FFF43652-D982-4341-94FE-D41A3643D5B9}.Debug|Any CPU.ActiveCfg = Debug|Any CPU
		{FFF43652-D982-4341-94FE-D41A3643D5B9}.Debug|Any CPU.Build.0 = Debug|Any CPU
		{FFF43652-D982-4341-94FE-D41A3643D5B9}.Release|Any CPU.ActiveCfg = Release|Any CPU
		{FFF43652-D982-4341-94FE-D41A3643D5B9}.Release|Any CPU.Build.0 = Release|Any CPU
		{47320EB8-17E8-4CC8-A8CC-B1C25E30A60E}.Debug|Any CPU.ActiveCfg = Debug|Any CPU
		{47320EB8-17E8-4CC8-A8CC-B1C25E30A60E}.Debug|Any CPU.Build.0 = Debug|Any CPU
		{47320EB8-17E8-4CC8-A8CC-B1C25E30A60E}.Release|Any CPU.ActiveCfg = Release|Any CPU
		{47320EB8-17E8-4CC8-A8CC-B1C25E30A60E}.Release|Any CPU.Build.0 = Release|Any CPU
		{1DAB4092-F610-49FC-A258-C5B21BADFC93}.Debug|Any CPU.ActiveCfg = Debug|Any CPU
		{1DAB4092-F610-49FC-A258-C5B21BADFC93}.Debug|Any CPU.Build.0 = Debug|Any CPU
		{1DAB4092-F610-49FC-A258-C5B21BADFC93}.Release|Any CPU.ActiveCfg = Release|Any CPU
		{1DAB4092-F610-49FC-A258-C5B21BADFC93}.Release|Any CPU.Build.0 = Release|Any CPU
		{8BFFB40B-61EB-49D2-9DFA-FE070753F7FB}.Debug|Any CPU.ActiveCfg = Debug|Any CPU
		{8BFFB40B-61EB-49D2-9DFA-FE070753F7FB}.Debug|Any CPU.Build.0 = Debug|Any CPU
		{8BFFB40B-61EB-49D2-9DFA-FE070753F7FB}.Release|Any CPU.ActiveCfg = Release|Any CPU
		{8BFFB40B-61EB-49D2-9DFA-FE070753F7FB}.Release|Any CPU.Build.0 = Release|Any CPU
		{54F8B6E8-2E6C-4CF1-B3E5-D0958AE7D23C}.Debug|Any CPU.ActiveCfg = Debug|Any CPU
		{54F8B6E8-2E6C-4CF1-B3E5-D0958AE7D23C}.Debug|Any CPU.Build.0 = Debug|Any CPU
		{54F8B6E8-2E6C-4CF1-B3E5-D0958AE7D23C}.Release|Any CPU.ActiveCfg = Release|Any CPU
		{54F8B6E8-2E6C-4CF1-B3E5-D0958AE7D23C}.Release|Any CPU.Build.0 = Release|Any CPU
		{5A03ECA4-FFFE-4532-8675-F08F1646E8CF}.Debug|Any CPU.ActiveCfg = Debug|Any CPU
		{5A03ECA4-FFFE-4532-8675-F08F1646E8CF}.Debug|Any CPU.Build.0 = Debug|Any CPU
		{5A03ECA4-FFFE-4532-8675-F08F1646E8CF}.Release|Any CPU.ActiveCfg = Release|Any CPU
		{5A03ECA4-FFFE-4532-8675-F08F1646E8CF}.Release|Any CPU.Build.0 = Release|Any CPU
		{396DF146-986D-4CB7-AC2E-00AE77EDA1EE}.Debug|Any CPU.ActiveCfg = Debug|Any CPU
		{396DF146-986D-4CB7-AC2E-00AE77EDA1EE}.Debug|Any CPU.Build.0 = Debug|Any CPU
		{396DF146-986D-4CB7-AC2E-00AE77EDA1EE}.Release|Any CPU.ActiveCfg = Release|Any CPU
		{396DF146-986D-4CB7-AC2E-00AE77EDA1EE}.Release|Any CPU.Build.0 = Release|Any CPU
		{36249CC9-61EC-4524-A153-0E791D3E4BC6}.Debug|Any CPU.ActiveCfg = Debug|Any CPU
		{36249CC9-61EC-4524-A153-0E791D3E4BC6}.Debug|Any CPU.Build.0 = Debug|Any CPU
		{36249CC9-61EC-4524-A153-0E791D3E4BC6}.Release|Any CPU.ActiveCfg = Release|Any CPU
		{36249CC9-61EC-4524-A153-0E791D3E4BC6}.Release|Any CPU.Build.0 = Release|Any CPU
		{D3304A31-D48A-49B7-A9B8-26FC5187A9E0}.Debug|Any CPU.ActiveCfg = Debug|Any CPU
		{D3304A31-D48A-49B7-A9B8-26FC5187A9E0}.Debug|Any CPU.Build.0 = Debug|Any CPU
		{D3304A31-D48A-49B7-A9B8-26FC5187A9E0}.Release|Any CPU.ActiveCfg = Release|Any CPU
		{D3304A31-D48A-49B7-A9B8-26FC5187A9E0}.Release|Any CPU.Build.0 = Release|Any CPU
	EndGlobalSection
	GlobalSection(SolutionProperties) = preSolution
		HideSolutionNode = FALSE
	EndGlobalSection
	GlobalSection(NestedProjects) = preSolution
		{B3296A28-003A-4267-A5A5-511EED37A1D8} = {782BDAED-A4B1-4E9D-855E-461239BE73CE}
		{6D95D446-59F0-4C90-876C-54A9F3AB1308} = {782BDAED-A4B1-4E9D-855E-461239BE73CE}
		{0023AC98-EAF0-4B18-BC8C-59C7CB28CDF2} = {B3924599-B1BA-459B-ABBD-934B6BEB5FA5}
		{F3510564-CF8B-49A5-8118-75E07E470D4D} = {96DDD701-FC89-49BE-8210-26EC4D091D14}
		{9E55738F-D6CB-4C02-94C0-CA571901C620} = {96DDD701-FC89-49BE-8210-26EC4D091D14}
		{FFF43652-D982-4341-94FE-D41A3643D5B9} = {44D43EA9-5510-4699-8458-CA891A631A55}
		{47320EB8-17E8-4CC8-A8CC-B1C25E30A60E} = {44D43EA9-5510-4699-8458-CA891A631A55}
		{1DAB4092-F610-49FC-A258-C5B21BADFC93} = {44D43EA9-5510-4699-8458-CA891A631A55}
		{8BFFB40B-61EB-49D2-9DFA-FE070753F7FB} = {44D43EA9-5510-4699-8458-CA891A631A55}
		{54F8B6E8-2E6C-4CF1-B3E5-D0958AE7D23C} = {10F41BA7-928A-42A1-81CE-C9E6FB2D25A5}
		{36249CC9-61EC-4524-A153-0E791D3E4BC6} = {55859BA0-A575-44C6-8AAC-6EC1A3406D4F}
		{D3304A31-D48A-49B7-A9B8-26FC5187A9E0} = {55859BA0-A575-44C6-8AAC-6EC1A3406D4F}
		{782BDAED-A4B1-4E9D-855E-461239BE73CE} = {DF4215E3-086F-46F4-8EAD-817A3219825F}
		{B3924599-B1BA-459B-ABBD-934B6BEB5FA5} = {DF4215E3-086F-46F4-8EAD-817A3219825F}
		{44D43EA9-5510-4699-8458-CA891A631A55} = {DF4215E3-086F-46F4-8EAD-817A3219825F}
		{96DDD701-FC89-49BE-8210-26EC4D091D14} = {DF4215E3-086F-46F4-8EAD-817A3219825F}
	EndGlobalSection
	GlobalSection(ExtensibilityGlobals) = postSolution
		SolutionGuid = {A321A533-CD53-4ADF-A1D8-1C8C142A38E7}
	EndGlobalSection
EndGlobal
